
Microsoft Visual Studio Solution File, Format Version 12.00
# Visual Studio 15
VisualStudioVersion = 15.0.27703.2042
MinimumVisualStudioVersion = 10.0.40219.1
Project("{888888A0-9F3D-457C-B088-3A5042F75D52}") = "PSDtoJPG", "PSDtoJPG\PSDtoJPG.pyproj", "{BCF51791-3BC1-4323-9CF1-FEC9A6F11513}"
EndProject
Global
	GlobalSection(SolutionConfigurationPlatforms) = preSolution
		Debug|Any CPU = Debug|Any CPU
		Release|Any CPU = Release|Any CPU
	EndGlobalSection
	GlobalSection(ProjectConfigurationPlatforms) = postSolution
		{BCF51791-3BC1-4323-9CF1-FEC9A6F11513}.Debug|Any CPU.ActiveCfg = Debug|Any CPU
		{BCF51791-3BC1-4323-9CF1-FEC9A6F11513}.Release|Any CPU.ActiveCfg = Release|Any CPU
	EndGlobalSection
	GlobalSection(SolutionProperties) = preSolution
		HideSolutionNode = FALSE
	EndGlobalSection
	GlobalSection(ExtensibilityGlobals) = postSolution
		SolutionGuid = {91FD2415-BBD2-4BE3-89F2-3EDD36BC2172}
	EndGlobalSection
EndGlobal
